
Microsoft Visual Studio Solution File, Format Version 12.00
# Visual Studio Version 16
VisualStudioVersion = 16.0.31205.134
MinimumVisualStudioVersion = 10.0.40219.1
Project("{9A19103F-16F7-4668-BE54-9A1E7A4F7556}") = "TaxService", "TaxService\TaxService.csproj", "{AFDEB4C7-A510-4ADC-BF7B-47CED79B76F0}"
EndProject
Project("{FAE04EC0-301F-11D3-BF4B-00C04F79EFBC}") = "TaxServiceUnitTests", "TaxServiceUnitTests\TaxServiceUnitTests.csproj", "{C1CC5433-3A8B-4018-AF54-EAB39B022A6B}"
EndProject
Global
	GlobalSection(SolutionConfigurationPlatforms) = preSolution
		Debug|Any CPU = Debug|Any CPU
		Release|Any CPU = Release|Any CPU
	EndGlobalSection
	GlobalSection(ProjectConfigurationPlatforms) = postSolution
		{AFDEB4C7-A510-4ADC-BF7B-47CED79B76F0}.Debug|Any CPU.ActiveCfg = Debug|Any CPU
		{AFDEB4C7-A510-4ADC-BF7B-47CED79B76F0}.Debug|Any CPU.Build.0 = Debug|Any CPU
		{AFDEB4C7-A510-4ADC-BF7B-47CED79B76F0}.Release|Any CPU.ActiveCfg = Release|Any CPU
		{AFDEB4C7-A510-4ADC-BF7B-47CED79B76F0}.Release|Any CPU.Build.0 = Release|Any CPU
		{C1CC5433-3A8B-4018-AF54-EAB39B022A6B}.Debug|Any CPU.ActiveCfg = Debug|Any CPU
		{C1CC5433-3A8B-4018-AF54-EAB39B022A6B}.Debug|Any CPU.Build.0 = Debug|Any CPU
		{C1CC5433-3A8B-4018-AF54-EAB39B022A6B}.Release|Any CPU.ActiveCfg = Release|Any CPU
		{C1CC5433-3A8B-4018-AF54-EAB39B022A6B}.Release|Any CPU.Build.0 = Release|Any CPU
	EndGlobalSection
	GlobalSection(SolutionProperties) = preSolution
		HideSolutionNode = FALSE
	EndGlobalSection
	GlobalSection(ExtensibilityGlobals) = postSolution
		SolutionGuid = {83AE3EB1-6513-43C5-BE4D-119AA204CCEF}
	EndGlobalSection
EndGlobal
